
Microsoft Visual Studio Solution File, Format Version 12.00
# Visual Studio Version 16
VisualStudioVersion = 16.0.29001.49
MinimumVisualStudioVersion = 10.0.40219.1
Project("{FAE04EC0-301F-11D3-BF4B-00C04F79EFBC}") = "training", "training.csproj", "{1AD7C836-A8C2-4D86-BEE9-1DAEB12F649C}"
EndProject
Project("{FAE04EC0-301F-11D3-BF4B-00C04F79EFBC}") = "TestMusicPlayer", "..\TestMusicPlayer\TestMusicPlayer.csproj", "{4C6EDE49-E45A-4B2E-B006-EFCFAB0868E9}"
EndProject
Global
	GlobalSection(SolutionConfigurationPlatforms) = preSolution
		Debug|ARM = Debug|ARM
		Debug|ARM64 = Debug|ARM64
		Debug|x64 = Debug|x64
		Debug|x86 = Debug|x86
		Release|ARM = Release|ARM
		Release|ARM64 = Release|ARM64
		Release|x64 = Release|x64
		Release|x86 = Release|x86
	EndGlobalSection
	GlobalSection(ProjectConfigurationPlatforms) = postSolution
		{1AD7C836-A8C2-4D86-BEE9-1DAEB12F649C}.Debug|ARM.ActiveCfg = Debug|ARM
		{1AD7C836-A8C2-4D86-BEE9-1DAEB12F649C}.Debug|ARM.Build.0 = Debug|ARM
		{1AD7C836-A8C2-4D86-BEE9-1DAEB12F649C}.Debug|ARM.Deploy.0 = Debug|ARM
		{1AD7C836-A8C2-4D86-BEE9-1DAEB12F649C}.Debug|ARM64.ActiveCfg = Debug|ARM64
		{1AD7C836-A8C2-4D86-BEE9-1DAEB12F649C}.Debug|ARM64.Build.0 = Debug|ARM64
		{1AD7C836-A8C2-4D86-BEE9-1DAEB12F649C}.Debug|ARM64.Deploy.0 = Debug|ARM64
		{1AD7C836-A8C2-4D86-BEE9-1DAEB12F649C}.Debug|x64.ActiveCfg = Debug|x64
		{1AD7C836-A8C2-4D86-BEE9-1DAEB12F649C}.Debug|x64.Build.0 = Debug|x64
		{1AD7C836-A8C2-4D86-BEE9-1DAEB12F649C}.Debug|x64.Deploy.0 = Debug|x64
		{1AD7C836-A8C2-4D86-BEE9-1DAEB12F649C}.Debug|x86.ActiveCfg = Debug|x86
		{1AD7C836-A8C2-4D86-BEE9-1DAEB12F649C}.Debug|x86.Build.0 = Debug|x86
		{1AD7C836-A8C2-4D86-BEE9-1DAEB12F649C}.Debug|x86.Deploy.0 = Debug|x86
		{1AD7C836-A8C2-4D86-BEE9-1DAEB12F649C}.Release|ARM.ActiveCfg = Release|ARM
		{1AD7C836-A8C2-4D86-BEE9-1DAEB12F649C}.Release|ARM.Build.0 = Release|ARM
		{1AD7C836-A8C2-4D86-BEE9-1DAEB12F649C}.Release|ARM.Deploy.0 = Release|ARM
		{1AD7C836-A8C2-4D86-BEE9-1DAEB12F649C}.Release|ARM64.ActiveCfg = Release|ARM64
		{1AD7C836-A8C2-4D86-BEE9-1DAEB12F649C}.Release|ARM64.Build.0 = Release|ARM64
		{1AD7C836-A8C2-4D86-BEE9-1DAEB12F649C}.Release|ARM64.Deploy.0 = Release|ARM64
		{1AD7C836-A8C2-4D86-BEE9-1DAEB12F649C}.Release|x64.ActiveCfg = Release|x64
		{1AD7C836-A8C2-4D86-BEE9-1DAEB12F649C}.Release|x64.Build.0 = Release|x64
		{1AD7C836-A8C2-4D86-BEE9-1DAEB12F649C}.Release|x64.Deploy.0 = Release|x64
		{1AD7C836-A8C2-4D86-BEE9-1DAEB12F649C}.Release|x86.ActiveCfg = Release|x86
		{1AD7C836-A8C2-4D86-BEE9-1DAEB12F649C}.Release|x86.Build.0 = Release|x86
		{1AD7C836-A8C2-4D86-BEE9-1DAEB12F649C}.Release|x86.Deploy.0 = Release|x86
		{4C6EDE49-E45A-4B2E-B006-EFCFAB0868E9}.Debug|ARM.ActiveCfg = Debug|ARM
		{4C6EDE49-E45A-4B2E-B006-EFCFAB0868E9}.Debug|ARM.Build.0 = Debug|ARM
		{4C6EDE49-E45A-4B2E-B006-EFCFAB0868E9}.Debug|ARM.Deploy.0 = Debug|ARM
		{4C6EDE49-E45A-4B2E-B006-EFCFAB0868E9}.Debug|ARM64.ActiveCfg = Debug|ARM64
		{4C6EDE49-E45A-4B2E-B006-EFCFAB0868E9}.Debug|ARM64.Build.0 = Debug|ARM64
		{4C6EDE49-E45A-4B2E-B006-EFCFAB0868E9}.Debug|ARM64.Deploy.0 = Debug|ARM64
		{4C6EDE49-E45A-4B2E-B006-EFCFAB0868E9}.Debug|x64.ActiveCfg = Debug|x64
		{4C6EDE49-E45A-4B2E-B006-EFCFAB0868E9}.Debug|x64.Build.0 = Debug|x64
		{4C6EDE49-E45A-4B2E-B006-EFCFAB0868E9}.Debug|x64.Deploy.0 = Debug|x64
		{4C6EDE49-E45A-4B2E-B006-EFCFAB0868E9}.Debug|x86.ActiveCfg = Debug|x86
		{4C6EDE49-E45A-4B2E-B006-EFCFAB0868E9}.Debug|x86.Build.0 = Debug|x86
		{4C6EDE49-E45A-4B2E-B006-EFCFAB0868E9}.Debug|x86.Deploy.0 = Debug|x86
		{4C6EDE49-E45A-4B2E-B006-EFCFAB0868E9}.Release|ARM.ActiveCfg = Release|ARM
		{4C6EDE49-E45A-4B2E-B006-EFCFAB0868E9}.Release|ARM.Build.0 = Release|ARM
		{4C6EDE49-E45A-4B2E-B006-EFCFAB0868E9}.Release|ARM.Deploy.0 = Release|ARM
		{4C6EDE49-E45A-4B2E-B006-EFCFAB0868E9}.Release|ARM64.ActiveCfg = Release|ARM64
		{4C6EDE49-E45A-4B2E-B006-EFCFAB0868E9}.Release|ARM64.Build.0 = Release|ARM64
		{4C6EDE49-E45A-4B2E-B006-EFCFAB0868E9}.Release|ARM64.Deploy.0 = Release|ARM64
		{4C6EDE49-E45A-4B2E-B006-EFCFAB0868E9}.Release|x64.ActiveCfg = Release|x64
		{4C6EDE49-E45A-4B2E-B006-EFCFAB0868E9}.Release|x64.Build.0 = Release|x64
		{4C6EDE49-E45A-4B2E-B006-EFCFAB0868E9}.Release|x64.Deploy.0 = Release|x64
		{4C6EDE49-E45A-4B2E-B006-EFCFAB0868E9}.Release|x86.ActiveCfg = Release|x86
		{4C6EDE49-E45A-4B2E-B006-EFCFAB0868E9}.Release|x86.Build.0 = Release|x86
		{4C6EDE49-E45A-4B2E-B006-EFCFAB0868E9}.Release|x86.Deploy.0 = Release|x86
	EndGlobalSection
	GlobalSection(SolutionProperties) = preSolution
		HideSolutionNode = FALSE
	EndGlobalSection
	GlobalSection(ExtensibilityGlobals) = postSolution
		SolutionGuid = {4717B582-EBE1-4041-8756-E105E45C1857}
	EndGlobalSection
EndGlobal
